// !$*UTF8*$!
{
	archiveVersion = 1;
	classes = {
	};
	objectVersion = 56;
	objects = {

/* Begin PBXBuildFile section */
		D05AE2152EB1869500E93E77 /* XcodeProjectManager.swift in Sources */ = {isa = PBXBuildFile; fileRef = D05AE2142EB1869500E93E77 /* XcodeProjectManager.swift */; };
		IC0000010000000000000001 /* IconCreatorApp.swift in Sources */ = {isa = PBXBuildFile; fileRef = IC0000020000000000000001 /* IconCreatorApp.swift */; };
		IC0000030000000000000001 /* ContentView.swift in Sources */ = {isa = PBXBuildFile; fileRef = IC0000040000000000000001 /* ContentView.swift */; };
		IC0000050000000000000001 /* IconGenerator.swift in Sources */ = {isa = PBXBuildFile; fileRef = IC0000060000000000000001 /* IconGenerator.swift */; };
		IC0000070000000000000001 /* Assets.xcassets in Resources */ = {isa = PBXBuildFile; fileRef = IC0000080000000000000001 /* Assets.xcassets */; };
		11DD1E2FC0CA41A484DC3D9A /* BatchItem.swift in Sources */ = {isa = PBXBuildFile; fileRef = FDDDFC51D7FE4AB29ADA682B /* BatchItem.swift */; };
		69BEE07DB5EF4109A0FB1166 /* IconPreset.swift in Sources */ = {isa = PBXBuildFile; fileRef = 17E201EB4BC84BBBA2035027 /* IconPreset.swift */; };
		FED53A03E2F34F41AD381E22 /* IconSettings.swift in Sources */ = {isa = PBXBuildFile; fileRef = 29F24E390A8A41D08B5B69D8 /* IconSettings.swift */; };
		8E7190CD1A894806A1E05C21 /* ImageProcessor.swift in Sources */ = {isa = PBXBuildFile; fileRef = D5000BBBF5C24D67A5D7511E /* ImageProcessor.swift */; };
		805024CE227B4FB68B303270 /* BatchProcessingManager.swift in Sources */ = {isa = PBXBuildFile; fileRef = 53509EC0A1794AAA9C801A0D /* BatchProcessingManager.swift */; };
		37B2D2E86555447D888CC65F /* PresetManager.swift in Sources */ = {isa = PBXBuildFile; fileRef = 0C1174F6707545D0B04E1B91 /* PresetManager.swift */; };
		4B438BE8ACE84A97AB57657B /* BatchQueueView.swift in Sources */ = {isa = PBXBuildFile; fileRef = EB18F0EBB1CA496786BC73BE /* BatchQueueView.swift */; };
		734317D3998344BB993DB034 /* ImageEffectsPanel.swift in Sources */ = {isa = PBXBuildFile; fileRef = 32A31A0D638641C5A859C0AF /* ImageEffectsPanel.swift */; };
		7EA1DC8DEB3E4C83B1F65F28 /* PresetLibraryView.swift in Sources */ = {isa = PBXBuildFile; fileRef = FCCFA61CE34543AA9628601A /* PresetLibraryView.swift */; };
		2C4943D49D544E3FBA8261E6 /* ContextPreviewView.swift in Sources */ = {isa = PBXBuildFile; fileRef = 7594BD322A224B91AC818DEB /* ContextPreviewView.swift */; };
/* End PBXBuildFile section */

/* Begin PBXFileReference section */
		D05AE2142EB1869500E93E77 /* XcodeProjectManager.swift */ = {isa = PBXFileReference; lastKnownFileType = sourcecode.swift; path = XcodeProjectManager.swift; sourceTree = "<group>"; };
		IC0000020000000000000001 /* IconCreatorApp.swift */ = {isa = PBXFileReference; lastKnownFileType = sourcecode.swift; path = IconCreatorApp.swift; sourceTree = "<group>"; };
		IC0000040000000000000001 /* ContentView.swift */ = {isa = PBXFileReference; lastKnownFileType = sourcecode.swift; path = ContentView.swift; sourceTree = "<group>"; };
		IC0000060000000000000001 /* IconGenerator.swift */ = {isa = PBXFileReference; lastKnownFileType = sourcecode.swift; path = IconGenerator.swift; sourceTree = "<group>"; };
		IC0000080000000000000001 /* Assets.xcassets */ = {isa = PBXFileReference; lastKnownFileType = folder.assetcatalog; path = Assets.xcassets; sourceTree = "<group>"; };
		IC0000110000000000000001 /* Icon Creator.app */ = {isa = PBXFileReference; explicitFileType = wrapper.application; includeInIndex = 0; path = "Icon Creator.app"; sourceTree = BUILT_PRODUCTS_DIR; };
		IC0000120000000000000001 /* Info.plist */ = {isa = PBXFileReference; lastKnownFileType = text.plist.xml; path = Info.plist; sourceTree = "<group>"; };
		IC0000130000000000000001 /* Icon_Creator.entitlements */ = {isa = PBXFileReference; lastKnownFileType = text.plist.entitlements; path = Icon_Creator.entitlements; sourceTree = "<group>"; };
		FDDDFC51D7FE4AB29ADA682B /* BatchItem.swift */ = {isa = PBXFileReference; lastKnownFileType = sourcecode.swift; path = "Models/Batch/BatchItem.swift"; sourceTree = "<group>"; };
		17E201EB4BC84BBBA2035027 /* IconPreset.swift */ = {isa = PBXFileReference; lastKnownFileType = sourcecode.swift; path = "Models/Core/IconPreset.swift"; sourceTree = "<group>"; };
		29F24E390A8A41D08B5B69D8 /* IconSettings.swift */ = {isa = PBXFileReference; lastKnownFileType = sourcecode.swift; path = "Models/Core/IconSettings.swift"; sourceTree = "<group>"; };
		D5000BBBF5C24D67A5D7511E /* ImageProcessor.swift */ = {isa = PBXFileReference; lastKnownFileType = sourcecode.swift; path = "Services/ImageProcessing/ImageProcessor.swift"; sourceTree = "<group>"; };
		53509EC0A1794AAA9C801A0D /* BatchProcessingManager.swift */ = {isa = PBXFileReference; lastKnownFileType = sourcecode.swift; path = "ViewModels/BatchProcessingManager.swift"; sourceTree = "<group>"; };
		0C1174F6707545D0B04E1B91 /* PresetManager.swift */ = {isa = PBXFileReference; lastKnownFileType = sourcecode.swift; path = "ViewModels/PresetManager.swift"; sourceTree = "<group>"; };
		EB18F0EBB1CA496786BC73BE /* BatchQueueView.swift */ = {isa = PBXFileReference; lastKnownFileType = sourcecode.swift; path = "Views/Batch/BatchQueueView.swift"; sourceTree = "<group>"; };
		32A31A0D638641C5A859C0AF /* ImageEffectsPanel.swift */ = {isa = PBXFileReference; lastKnownFileType = sourcecode.swift; path = "Views/Effects/ImageEffectsPanel.swift"; sourceTree = "<group>"; };
		FCCFA61CE34543AA9628601A /* PresetLibraryView.swift */ = {isa = PBXFileReference; lastKnownFileType = sourcecode.swift; path = "Views/Presets/PresetLibraryView.swift"; sourceTree = "<group>"; };
		7594BD322A224B91AC818DEB /* ContextPreviewView.swift */ = {isa = PBXFileReference; lastKnownFileType = sourcecode.swift; path = "Views/Preview/ContextPreviewView.swift"; sourceTree = "<group>"; };
/* End PBXFileReference section */

/* Begin PBXFrameworksBuildPhase section */
		IC0000140000000000000001 /* Frameworks */ = {
			isa = PBXFrameworksBuildPhase;
			buildActionMask = 2147483647;
			files = (
			);
			runOnlyForDeploymentPostprocessing = 0;
		};
/* End PBXFrameworksBuildPhase section */

/* Begin PBXGroup section */
		IC0000150000000000000001 = {
			isa = PBXGroup;
			children = (
				FDDDFC51D7FE4AB29ADA682B /* BatchItem.swift */,
				17E201EB4BC84BBBA2035027 /* IconPreset.swift */,
				29F24E390A8A41D08B5B69D8 /* IconSettings.swift */,
				D5000BBBF5C24D67A5D7511E /* ImageProcessor.swift */,
				53509EC0A1794AAA9C801A0D /* BatchProcessingManager.swift */,
				0C1174F6707545D0B04E1B91 /* PresetManager.swift */,
				EB18F0EBB1CA496786BC73BE /* BatchQueueView.swift */,
				32A31A0D638641C5A859C0AF /* ImageEffectsPanel.swift */,
				FCCFA61CE34543AA9628601A /* PresetLibraryView.swift */,
				7594BD322A224B91AC818DEB /* ContextPreviewView.swift */,
				D05AE2142EB1869500E93E77 /* XcodeProjectManager.swift */,
				IC0000020000000000000001 /* IconCreatorApp.swift */,
				IC0000040000000000000001 /* ContentView.swift */,
				IC0000060000000000000001 /* IconGenerator.swift */,
				IC0000080000000000000001 /* Assets.xcassets */,
				IC0000120000000000000001 /* Info.plist */,
				IC0000130000000000000001 /* Icon_Creator.entitlements */,
				IC0000160000000000000001 /* Products */,
			);
			sourceTree = "<group>";
		};
		IC0000160000000000000001 /* Products */ = {
			isa = PBXGroup;
			children = (
				IC0000110000000000000001 /* Icon Creator.app */,
			);
			name = Products;
			sourceTree = "<group>";
		};
/* End PBXGroup section */

/* Begin PBXResourcesBuildPhase section */
		IC0000200000000000000001 /* Resources */ = {
			isa = PBXResourcesBuildPhase;
			buildActionMask = 2147483647;
			files = (
				IC0000070000000000000001 /* Assets.xcassets in Resources */,
			);
			runOnlyForDeploymentPostprocessing = 0;
		};
/* End PBXResourcesBuildPhase section */

/* Begin PBXNativeTarget section */
		IC0000170000000000000001 /* Icon Creator */ = {
			isa = PBXNativeTarget;
			buildConfigurationList = IC0000180000000000000001 /* Build configuration list for PBXNativeTarget "Icon Creator" */;
			buildPhases = (
				IC0000190000000000000001 /* Sources */,
				IC0000140000000000000001 /* Frameworks */,
				IC0000200000000000000001 /* Resources */,
			);
			buildRules = (
			);
			dependencies = (
			);
			name = "Icon Creator";
			productName = "Icon Creator";
			productReference = IC0000110000000000000001 /* Icon Creator.app */;
			productType = "com.apple.product-type.application";
		};
/* End PBXNativeTarget section */

/* Begin PBXProject section */
		IC0000210000000000000001 /* Project object */ = {
			isa = PBXProject;
			attributes = {
				BuildIndependentTargetsInParallel = 1;
				LastSwiftUpdateCheck = 1500;
				LastUpgradeCheck = 2600;
			};
			buildConfigurationList = IC0000220000000000000001 /* Build configuration list for PBXProject "Icon Creator" */;
			compatibilityVersion = "Xcode 14.0";
			developmentRegion = en;
			hasScannedForEncodings = 0;
			knownRegions = (
				en,
				Base,
			);
			mainGroup = IC0000150000000000000001;
			productRefGroup = IC0000160000000000000001 /* Products */;
			projectDirPath = "";
			projectRoot = "";
			targets = (
				IC0000170000000000000001 /* Icon Creator */,
			);
		};
/* End PBXProject section */

/* Begin PBXSourcesBuildPhase section */
		IC0000190000000000000001 /* Sources */ = {
			isa = PBXSourcesBuildPhase;
			buildActionMask = 2147483647;
			files = (
				11DD1E2FC0CA41A484DC3D9A /* BatchItem.swift in Sources */,
				69BEE07DB5EF4109A0FB1166 /* IconPreset.swift in Sources */,
				FED53A03E2F34F41AD381E22 /* IconSettings.swift in Sources */,
				8E7190CD1A894806A1E05C21 /* ImageProcessor.swift in Sources */,
				805024CE227B4FB68B303270 /* BatchProcessingManager.swift in Sources */,
				37B2D2E86555447D888CC65F /* PresetManager.swift in Sources */,
				4B438BE8ACE84A97AB57657B /* BatchQueueView.swift in Sources */,
				734317D3998344BB993DB034 /* ImageEffectsPanel.swift in Sources */,
				7EA1DC8DEB3E4C83B1F65F28 /* PresetLibraryView.swift in Sources */,
				2C4943D49D544E3FBA8261E6 /* ContextPreviewView.swift in Sources */,
				IC0000010000000000000001 /* IconCreatorApp.swift in Sources */,
				D05AE2152EB1869500E93E77 /* XcodeProjectManager.swift in Sources */,
				IC0000030000000000000001 /* ContentView.swift in Sources */,
				IC0000050000000000000001 /* IconGenerator.swift in Sources */,
			);
			runOnlyForDeploymentPostprocessing = 0;
		};
/* End PBXSourcesBuildPhase section */

/* Begin XCBuildConfiguration section */
		IC0000230000000000000001 /* Debug */ = {
			isa = XCBuildConfiguration;
			buildSettings = {
				ALWAYS_SEARCH_USER_PATHS = NO;
				ASSETCATALOG_COMPILER_GENERATE_SWIFT_ASSET_SYMBOL_EXTENSIONS = YES;
				CLANG_ANALYZER_NONNULL = YES;
				CLANG_ANALYZER_NUMBER_OBJECT_CONVERSION = YES_AGGRESSIVE;
				CLANG_CXX_LANGUAGE_STANDARD = "gnu++20";
				CLANG_ENABLE_MODULES = YES;
				CLANG_ENABLE_OBJC_ARC = YES;
				CLANG_ENABLE_OBJC_WEAK = YES;
				CLANG_WARN_BLOCK_CAPTURE_AUTORELEASING = YES;
				CLANG_WARN_BOOL_CONVERSION = YES;
				CLANG_WARN_COMMA = YES;
				CLANG_WARN_CONSTANT_CONVERSION = YES;
				CLANG_WARN_DEPRECATED_OBJC_IMPLEMENTATIONS = YES;
				CLANG_WARN_DIRECT_OBJC_ISA_USAGE = YES_ERROR;
				CLANG_WARN_DOCUMENTATION_COMMENTS = YES;
				CLANG_WARN_EMPTY_BODY = YES;
				CLANG_WARN_ENUM_CONVERSION = YES;
				CLANG_WARN_INFINITE_RECURSION = YES;
				CLANG_WARN_INT_CONVERSION = YES;
				CLANG_WARN_NON_LITERAL_NULL_CONVERSION = YES;
				CLANG_WARN_OBJC_IMPLICIT_RETAIN_SELF = YES;
				CLANG_WARN_OBJC_LITERAL_CONVERSION = YES;
				CLANG_WARN_OBJC_ROOT_CLASS = YES_ERROR;
				CLANG_WARN_QUOTED_INCLUDE_IN_FRAMEWORK_HEADER = YES;
				CLANG_WARN_RANGE_LOOP_ANALYSIS = YES;
				CLANG_WARN_STRICT_PROTOTYPES = YES;
				CLANG_WARN_SUSPICIOUS_MOVE = YES;
				CLANG_WARN_UNGUARDED_AVAILABILITY = YES_AGGRESSIVE;
				CLANG_WARN_UNREACHABLE_CODE = YES;
				CLANG_WARN__DUPLICATE_METHOD_MATCH = YES;
				COPY_PHASE_STRIP = NO;
				DEAD_CODE_STRIPPING = YES;
				DEBUG_INFORMATION_FORMAT = dwarf;
				ENABLE_STRICT_OBJC_MSGSEND = YES;
				ENABLE_TESTABILITY = YES;
				ENABLE_USER_SCRIPT_SANDBOXING = YES;
				GCC_C_LANGUAGE_STANDARD = gnu17;
				GCC_DYNAMIC_NO_PIC = NO;
				GCC_NO_COMMON_BLOCKS = YES;
				GCC_OPTIMIZATION_LEVEL = 0;
				GCC_PREPROCESSOR_DEFINITIONS = (
					"DEBUG=1",
					"$(inherited)",
				);
				GCC_WARN_64_TO_32_BIT_CONVERSION = YES;
				GCC_WARN_ABOUT_RETURN_TYPE = YES_ERROR;
				GCC_WARN_UNDECLARED_SELECTOR = YES;
				GCC_WARN_UNINITIALIZED_AUTOS = YES_AGGRESSIVE;
				GCC_WARN_UNUSED_FUNCTION = YES;
				GCC_WARN_UNUSED_VARIABLE = YES;
				LOCALIZATION_PREFERS_STRING_CATALOGS = YES;
				MACOSX_DEPLOYMENT_TARGET = 12.0;
				MTL_ENABLE_DEBUG_INFO = INCLUDE_SOURCE;
				MTL_FAST_MATH = YES;
				ONLY_ACTIVE_ARCH = YES;
				SDKROOT = macosx;
				STRING_CATALOG_GENERATE_SYMBOLS = YES;
				SWIFT_ACTIVE_COMPILATION_CONDITIONS = "DEBUG $(inherited)";
				SWIFT_OPTIMIZATION_LEVEL = "-Onone";
			};
			name = Debug;
		};
		IC0000240000000000000001 /* Release */ = {
			isa = XCBuildConfiguration;
			buildSettings = {
				ALWAYS_SEARCH_USER_PATHS = NO;
				ASSETCATALOG_COMPILER_GENERATE_SWIFT_ASSET_SYMBOL_EXTENSIONS = YES;
				CLANG_ANALYZER_NONNULL = YES;
				CLANG_ANALYZER_NUMBER_OBJECT_CONVERSION = YES_AGGRESSIVE;
				CLANG_CXX_LANGUAGE_STANDARD = "gnu++20";
				CLANG_ENABLE_MODULES = YES;
				CLANG_ENABLE_OBJC_ARC = YES;
				CLANG_ENABLE_OBJC_WEAK = YES;
				CLANG_WARN_BLOCK_CAPTURE_AUTORELEASING = YES;
				CLANG_WARN_BOOL_CONVERSION = YES;
				CLANG_WARN_COMMA = YES;
				CLANG_WARN_CONSTANT_CONVERSION = YES;
				CLANG_WARN_DEPRECATED_OBJC_IMPLEMENTATIONS = YES;
				CLANG_WARN_DIRECT_OBJC_ISA_USAGE = YES_ERROR;
				CLANG_WARN_DOCUMENTATION_COMMENTS = YES;
				CLANG_WARN_EMPTY_BODY = YES;
				CLANG_WARN_ENUM_CONVERSION = YES;
				CLANG_WARN_INFINITE_RECURSION = YES;
				CLANG_WARN_INT_CONVERSION = YES;
				CLANG_WARN_NON_LITERAL_NULL_CONVERSION = YES;
				CLANG_WARN_OBJC_IMPLICIT_RETAIN_SELF = YES;
				CLANG_WARN_OBJC_LITERAL_CONVERSION = YES;
				CLANG_WARN_OBJC_ROOT_CLASS = YES_ERROR;
				CLANG_WARN_QUOTED_INCLUDE_IN_FRAMEWORK_HEADER = YES;
				CLANG_WARN_RANGE_LOOP_ANALYSIS = YES;
				CLANG_WARN_STRICT_PROTOTYPES = YES;
				CLANG_WARN_SUSPICIOUS_MOVE = YES;
				CLANG_WARN_UNGUARDED_AVAILABILITY = YES_AGGRESSIVE;
				CLANG_WARN_UNREACHABLE_CODE = YES;
				CLANG_WARN__DUPLICATE_METHOD_MATCH = YES;
				COPY_PHASE_STRIP = NO;
				DEAD_CODE_STRIPPING = YES;
				DEBUG_INFORMATION_FORMAT = "dwarf-with-dsym";
				ENABLE_NS_ASSERTIONS = NO;
				ENABLE_STRICT_OBJC_MSGSEND = YES;
				ENABLE_USER_SCRIPT_SANDBOXING = YES;
				GCC_C_LANGUAGE_STANDARD = gnu17;
				GCC_NO_COMMON_BLOCKS = YES;
				GCC_WARN_64_TO_32_BIT_CONVERSION = YES;
				GCC_WARN_ABOUT_RETURN_TYPE = YES_ERROR;
				GCC_WARN_UNDECLARED_SELECTOR = YES;
				GCC_WARN_UNINITIALIZED_AUTOS = YES_AGGRESSIVE;
				GCC_WARN_UNUSED_FUNCTION = YES;
				GCC_WARN_UNUSED_VARIABLE = YES;
				LOCALIZATION_PREFERS_STRING_CATALOGS = YES;
				MACOSX_DEPLOYMENT_TARGET = 12.0;
				MTL_ENABLE_DEBUG_INFO = NO;
				MTL_FAST_MATH = YES;
				SDKROOT = macosx;
				STRING_CATALOG_GENERATE_SYMBOLS = YES;
				SWIFT_COMPILATION_MODE = wholemodule;
			};
			name = Release;
		};
		IC0000250000000000000001 /* Debug */ = {
			isa = XCBuildConfiguration;
			buildSettings = {
				ASSETCATALOG_COMPILER_APPICON_NAME = AppIcon;
				CODE_SIGN_ENTITLEMENTS = Icon_Creator.entitlements;
				CODE_SIGN_STYLE = Automatic;
				COMBINE_HIDPI_IMAGES = YES;
				CURRENT_PROJECT_VERSION = 1;
				DEVELOPMENT_TEAM = QRRCB8HB3W;
				ENABLE_APP_SANDBOX = YES;
				ENABLE_HARDENED_RUNTIME = YES;
				ENABLE_PREVIEWS = YES;
				ENABLE_USER_SELECTED_FILES = readwrite;
				GENERATE_INFOPLIST_FILE = NO;
				INFOPLIST_FILE = Info.plist;
				INFOPLIST_KEY_CFBundleDisplayName = "Icon Creator";
				INFOPLIST_KEY_LSApplicationCategoryType = "public.app-category.developer-tools";
				INFOPLIST_KEY_NSHumanReadableCopyright = "";
				LD_RUNPATH_SEARCH_PATHS = (
					"$(inherited)",
					"@executable_path/../Frameworks",
				);
				MACOSX_DEPLOYMENT_TARGET = 12.0;
				MARKETING_VERSION = 1.0;
				PRODUCT_BUNDLE_IDENTIFIER = com.kochj.IconCreator;
				PRODUCT_NAME = "$(TARGET_NAME)";
				SDKROOT = macosx;
				SUPPORTED_PLATFORMS = macosx;
				SWIFT_EMIT_LOC_STRINGS = YES;
				SWIFT_VERSION = 5.0;
			};
			name = Debug;
		};
		IC0000260000000000000001 /* Release */ = {
			isa = XCBuildConfiguration;
			buildSettings = {
				ASSETCATALOG_COMPILER_APPICON_NAME = AppIcon;
				CODE_SIGN_ENTITLEMENTS = Icon_Creator.entitlements;
				CODE_SIGN_STYLE = Automatic;
				COMBINE_HIDPI_IMAGES = YES;
				CURRENT_PROJECT_VERSION = 1;
				DEVELOPMENT_TEAM = QRRCB8HB3W;
				ENABLE_APP_SANDBOX = YES;
				ENABLE_HARDENED_RUNTIME = YES;
				ENABLE_PREVIEWS = YES;
				ENABLE_USER_SELECTED_FILES = readwrite;
				GENERATE_INFOPLIST_FILE = NO;
				INFOPLIST_FILE = Info.plist;
				INFOPLIST_KEY_CFBundleDisplayName = "Icon Creator";
				INFOPLIST_KEY_LSApplicationCategoryType = "public.app-category.developer-tools";
				INFOPLIST_KEY_NSHumanReadableCopyright = "";
				LD_RUNPATH_SEARCH_PATHS = (
					"$(inherited)",
					"@executable_path/../Frameworks",
				);
				MACOSX_DEPLOYMENT_TARGET = 12.0;
				MARKETING_VERSION = 1.0;
				PRODUCT_BUNDLE_IDENTIFIER = com.kochj.IconCreator;
				PRODUCT_NAME = "$(TARGET_NAME)";
				SDKROOT = macosx;
				SUPPORTED_PLATFORMS = macosx;
				SWIFT_EMIT_LOC_STRINGS = YES;
				SWIFT_VERSION = 5.0;
				VALIDATE_PRODUCT = YES;
			};
			name = Release;
		};
/* End XCBuildConfiguration section */

/* Begin XCConfigurationList section */
		IC0000180000000000000001 /* Build configuration list for PBXNativeTarget "Icon Creator" */ = {
			isa = XCConfigurationList;
			buildConfigurations = (
				IC0000250000000000000001 /* Debug */,
				IC0000260000000000000001 /* Release */,
			);
			defaultConfigurationIsVisible = 0;
			defaultConfigurationName = Release;
		};
		IC0000220000000000000001 /* Build configuration list for PBXProject "Icon Creator" */ = {
			isa = XCConfigurationList;
			buildConfigurations = (
				IC0000230000000000000001 /* Debug */,
				IC0000240000000000000001 /* Release */,
			);
			defaultConfigurationIsVisible = 0;
			defaultConfigurationName = Release;
		};
/* End XCConfigurationList section */
	};
	rootObject = IC0000210000000000000001 /* Project object */;
}
