// !$*UTF8*$!
{
	archiveVersion = 1;
	classes = {
	};
	objectVersion = 56;
	objects = {

/* Begin PBXBuildFile section */
		045EB692EDFD4BA59009AE6E /* BatchQueueView.swift in Sources */ = {isa = PBXBuildFile; fileRef = 47CCC0EBD79D4911AF6612E4 /* BatchQueueView.swift */; };
		04BCBA2F03074F2593485553 /* ImageProcessor.swift in Sources */ = {isa = PBXBuildFile; fileRef = 00A0C9891CEB48C5812B7246 /* ImageProcessor.swift */; };
		04EE48300C6F62560BE9A4CF /* VoiceUnified.swift in Sources */ = {isa = PBXBuildFile; fileRef = 69398922E5A48FDABBEFCC4D /* VoiceUnified.swift */; };
		06BC87E3ED16425591380E74 /* XcodeProjectPickerView.swift in Sources */ = {isa = PBXBuildFile; fileRef = F47BF13EEF8E475A9FF25F92 /* XcodeProjectPickerView.swift */; };
		25C0339682BEAF3347E37033 /* SecurityUnified.swift in Sources */ = {isa = PBXBuildFile; fileRef = 35906EB220314CCEAEA71132 /* SecurityUnified.swift */; };
		37B2D2E86555447D888CC65F /* PresetManager.swift in Sources */ = {isa = PBXBuildFile; fileRef = 0C1174F6707545D0B04E1B91 /* PresetManager.swift */; };
		3BB252A5B61A447F964A5234 /* ContextPreviewView.swift in Sources */ = {isa = PBXBuildFile; fileRef = 530324F4956A43B7820360B3 /* ContextPreviewView.swift */; };
		4C00916DE0234B2790332129 /* AIBackendManager.swift in Sources */ = {isa = PBXBuildFile; fileRef = 8F6B852A9B894909B32D6CB3 /* AIBackendManager.swift */; };
		4E7D04D35A10089EE07144BA /* ProjectLocation.swift in Sources */ = {isa = PBXBuildFile; fileRef = 1AA184F04F959E419C97A4E8 /* ProjectLocation.swift */; };
		5A79B8EA60E04F5584A7E558 /* IconSettings.swift in Sources */ = {isa = PBXBuildFile; fileRef = 107B80FCB91441869DACE085 /* IconSettings.swift */; };
		69BEE07DB5EF4109A0FB1166 /* IconPreset.swift in Sources */ = {isa = PBXBuildFile; fileRef = 17E201EB4BC84BBBA2035027 /* IconPreset.swift */; };
		6A3D6D5DCE834004A60DEB71 /* BatchItem.swift in Sources */ = {isa = PBXBuildFile; fileRef = 5D7F6114F9344E54AB437A36 /* BatchItem.swift */; };
		805024CE227B4FB68B303270 /* BatchProcessingManager.swift in Sources */ = {isa = PBXBuildFile; fileRef = 53509EC0A1794AAA9C801A0D /* BatchProcessingManager.swift */; };
		8785EDA89DA441E3B6F09897 /* ModernDesign.swift in Sources */ = {isa = PBXBuildFile; fileRef = 874E15AC838D4F4993358424 /* ModernDesign.swift */; };
		96AD0F8F5D76201AC709FFF0 /* XcodeProjectManager.swift in Sources */ = {isa = PBXBuildFile; fileRef = 3A3A302B925E3E22B8975891 /* XcodeProjectManager.swift */; };
		AD8B200EF4343327F24DF7D0 /* UnifiedAICapabilities.swift in Sources */ = {isa = PBXBuildFile; fileRef = EFF164E75FFF884220B09136 /* UnifiedAICapabilities.swift */; };
		AE4D30AACFCF4ACE8AF68E8C /* KeywordIconGenerator.swift in Sources */ = {isa = PBXBuildFile; fileRef = 9D0DEC4EC8D1415D81BE53D4 /* KeywordIconGenerator.swift */; };
		B384AEC64EDA321487698F5A /* ProjectLocationsView.swift in Sources */ = {isa = PBXBuildFile; fileRef = 877DFE19E0558F887CFA4757 /* ProjectLocationsView.swift */; };
		DCE9DB088BD7455D9E351AD9 /* KeywordIconGeneratorView.swift in Sources */ = {isa = PBXBuildFile; fileRef = DCBAA95D994947E79783C133 /* KeywordIconGeneratorView.swift */; };
		F69AA4E6AC2BEADD624B01DE /* AnalysisUnified.swift in Sources */ = {isa = PBXBuildFile; fileRef = C73492503E76B1884BF9BC8B /* AnalysisUnified.swift */; };
		F6CC418FF06B4607A27C3D0F /* PresetLibraryView.swift in Sources */ = {isa = PBXBuildFile; fileRef = 1BE8A1449440439EAF435A42 /* PresetLibraryView.swift */; };
		F8B37F532A60B32177862027 /* ImageGenerationUnified.swift in Sources */ = {isa = PBXBuildFile; fileRef = 854D96481B5263B9B360F6B5 /* ImageGenerationUnified.swift */; };
		F92DB3944D1698FA73B317F2 /* ProjectLocationManager.swift in Sources */ = {isa = PBXBuildFile; fileRef = 471818FFC28716DA7A66F21E /* ProjectLocationManager.swift */; };
		F95DFA9EF90B40F496B99D0B /* ImageEffectsPanel.swift in Sources */ = {isa = PBXBuildFile; fileRef = 282D4BA202DE4D1D804F95B7 /* ImageEffectsPanel.swift */; };
		IC0000010000000000000001 /* IconCreatorApp.swift in Sources */ = {isa = PBXBuildFile; fileRef = IC0000020000000000000001 /* IconCreatorApp.swift */; };
		IC0000030000000000000001 /* ContentView.swift in Sources */ = {isa = PBXBuildFile; fileRef = IC0000040000000000000001 /* ContentView.swift */; };
		IC0000050000000000000001 /* IconGenerator.swift in Sources */ = {isa = PBXBuildFile; fileRef = IC0000060000000000000001 /* IconGenerator.swift */; };
		IC0000070000000000000001 /* Assets.xcassets in Resources */ = {isa = PBXBuildFile; fileRef = IC0000080000000000000001 /* Assets.xcassets */; };
/* End PBXBuildFile section */

/* Begin PBXFileReference section */
		00A0C9891CEB48C5812B7246 /* ImageProcessor.swift */ = {isa = PBXFileReference; lastKnownFileType = sourcecode.swift; path = Services/ImageProcessing/ImageProcessor.swift; sourceTree = "<group>"; };
		0C1174F6707545D0B04E1B91 /* PresetManager.swift */ = {isa = PBXFileReference; lastKnownFileType = sourcecode.swift; path = ViewModels/PresetManager.swift; sourceTree = "<group>"; };
		107B80FCB91441869DACE085 /* IconSettings.swift */ = {isa = PBXFileReference; lastKnownFileType = sourcecode.swift; path = Models/Core/IconSettings.swift; sourceTree = "<group>"; };
		17E201EB4BC84BBBA2035027 /* IconPreset.swift */ = {isa = PBXFileReference; lastKnownFileType = sourcecode.swift; path = Models/Core/IconPreset.swift; sourceTree = "<group>"; };
		1AA184F04F959E419C97A4E8 /* ProjectLocation.swift */ = {isa = PBXFileReference; lastKnownFileType = sourcecode.swift; path = Models/Core/ProjectLocation.swift; sourceTree = "<group>"; };
		1BE8A1449440439EAF435A42 /* PresetLibraryView.swift */ = {isa = PBXFileReference; lastKnownFileType = sourcecode.swift; path = Views/Presets/PresetLibraryView.swift; sourceTree = "<group>"; };
		282D4BA202DE4D1D804F95B7 /* ImageEffectsPanel.swift */ = {isa = PBXFileReference; lastKnownFileType = sourcecode.swift; path = Views/Effects/ImageEffectsPanel.swift; sourceTree = "<group>"; };
		35906EB220314CCEAEA71132 /* SecurityUnified.swift */ = {isa = PBXFileReference; includeInIndex = 1; lastKnownFileType = sourcecode.swift; name = SecurityUnified.swift; path = "Icon Creator/AICapabilities/SecurityUnified.swift"; sourceTree = "<group>"; };
		3A3A302B925E3E22B8975891 /* XcodeProjectManager.swift */ = {isa = PBXFileReference; includeInIndex = 1; lastKnownFileType = sourcecode.swift; path = XcodeProjectManager.swift; sourceTree = "<group>"; };
		471818FFC28716DA7A66F21E /* ProjectLocationManager.swift */ = {isa = PBXFileReference; lastKnownFileType = sourcecode.swift; path = Services/Project/ProjectLocationManager.swift; sourceTree = "<group>"; };
		47CCC0EBD79D4911AF6612E4 /* BatchQueueView.swift */ = {isa = PBXFileReference; lastKnownFileType = sourcecode.swift; path = Views/Batch/BatchQueueView.swift; sourceTree = "<group>"; };
		530324F4956A43B7820360B3 /* ContextPreviewView.swift */ = {isa = PBXFileReference; lastKnownFileType = sourcecode.swift; path = Views/Preview/ContextPreviewView.swift; sourceTree = "<group>"; };
		53509EC0A1794AAA9C801A0D /* BatchProcessingManager.swift */ = {isa = PBXFileReference; lastKnownFileType = sourcecode.swift; path = ViewModels/BatchProcessingManager.swift; sourceTree = "<group>"; };
		5D7F6114F9344E54AB437A36 /* BatchItem.swift */ = {isa = PBXFileReference; lastKnownFileType = sourcecode.swift; path = Models/Batch/BatchItem.swift; sourceTree = "<group>"; };
		69398922E5A48FDABBEFCC4D /* VoiceUnified.swift */ = {isa = PBXFileReference; includeInIndex = 1; lastKnownFileType = sourcecode.swift; name = VoiceUnified.swift; path = "Icon Creator/AICapabilities/VoiceUnified.swift"; sourceTree = "<group>"; };
		854D96481B5263B9B360F6B5 /* ImageGenerationUnified.swift */ = {isa = PBXFileReference; includeInIndex = 1; lastKnownFileType = sourcecode.swift; name = ImageGenerationUnified.swift; path = "Icon Creator/AICapabilities/ImageGenerationUnified.swift"; sourceTree = "<group>"; };
		874E15AC838D4F4993358424 /* ModernDesign.swift */ = {isa = PBXFileReference; lastKnownFileType = sourcecode.swift; path = ModernDesign.swift; sourceTree = "<group>"; };
		877DFE19E0558F887CFA4757 /* ProjectLocationsView.swift */ = {isa = PBXFileReference; lastKnownFileType = sourcecode.swift; path = Views/Settings/ProjectLocationsView.swift; sourceTree = "<group>"; };
		8F6B852A9B894909B32D6CB3 /* AIBackendManager.swift */ = {isa = PBXFileReference; lastKnownFileType = sourcecode.swift; path = AIBackendManager.swift; sourceTree = "<group>"; };
		9D0DEC4EC8D1415D81BE53D4 /* KeywordIconGenerator.swift */ = {isa = PBXFileReference; lastKnownFileType = sourcecode.swift; path = KeywordIconGenerator.swift; sourceTree = "<group>"; };
		C73492503E76B1884BF9BC8B /* AnalysisUnified.swift */ = {isa = PBXFileReference; includeInIndex = 1; lastKnownFileType = sourcecode.swift; name = AnalysisUnified.swift; path = "Icon Creator/AICapabilities/AnalysisUnified.swift"; sourceTree = "<group>"; };
		DCBAA95D994947E79783C133 /* KeywordIconGeneratorView.swift */ = {isa = PBXFileReference; lastKnownFileType = sourcecode.swift; path = KeywordIconGeneratorView.swift; sourceTree = "<group>"; };
		EFF164E75FFF884220B09136 /* UnifiedAICapabilities.swift */ = {isa = PBXFileReference; includeInIndex = 1; lastKnownFileType = sourcecode.swift; name = UnifiedAICapabilities.swift; path = "Icon Creator/AICapabilities/UnifiedAICapabilities.swift"; sourceTree = "<group>"; };
		F47BF13EEF8E475A9FF25F92 /* XcodeProjectPickerView.swift */ = {isa = PBXFileReference; lastKnownFileType = sourcecode.swift; path = XcodeProjectPickerView.swift; sourceTree = "<group>"; };
		IC0000020000000000000001 /* IconCreatorApp.swift */ = {isa = PBXFileReference; lastKnownFileType = sourcecode.swift; path = IconCreatorApp.swift; sourceTree = "<group>"; };
		IC0000040000000000000001 /* ContentView.swift */ = {isa = PBXFileReference; lastKnownFileType = sourcecode.swift; path = ContentView.swift; sourceTree = "<group>"; };
		IC0000060000000000000001 /* IconGenerator.swift */ = {isa = PBXFileReference; lastKnownFileType = sourcecode.swift; path = IconGenerator.swift; sourceTree = "<group>"; };
		IC0000080000000000000001 /* Assets.xcassets */ = {isa = PBXFileReference; lastKnownFileType = folder.assetcatalog; path = Assets.xcassets; sourceTree = "<group>"; };
		IC0000110000000000000001 /* Icon Creator.app */ = {isa = PBXFileReference; explicitFileType = wrapper.application; includeInIndex = 0; path = "Icon Creator.app"; sourceTree = BUILT_PRODUCTS_DIR; };
		IC0000120000000000000001 /* Info.plist */ = {isa = PBXFileReference; lastKnownFileType = text.plist.xml; path = Info.plist; sourceTree = "<group>"; };
		IC0000130000000000000001 /* Icon_Creator.entitlements */ = {isa = PBXFileReference; lastKnownFileType = text.plist.entitlements; path = Icon_Creator.entitlements; sourceTree = "<group>"; };
/* End PBXFileReference section */

/* Begin PBXFrameworksBuildPhase section */
		IC0000140000000000000001 /* Frameworks */ = {
			isa = PBXFrameworksBuildPhase;
			buildActionMask = 2147483647;
			files = (
			);
			runOnlyForDeploymentPostprocessing = 0;
		};
/* End PBXFrameworksBuildPhase section */

/* Begin PBXGroup section */
		4984102460BBF438384E73BC /* AICapabilities */ = {
			isa = PBXGroup;
			children = (
				EFF164E75FFF884220B09136 /* UnifiedAICapabilities.swift */,
				854D96481B5263B9B360F6B5 /* ImageGenerationUnified.swift */,
				69398922E5A48FDABBEFCC4D /* VoiceUnified.swift */,
				C73492503E76B1884BF9BC8B /* AnalysisUnified.swift */,
				35906EB220314CCEAEA71132 /* SecurityUnified.swift */,
			);
			name = AICapabilities;
			sourceTree = "<group>";
		};
		60ADD9B2A1CC8C0907D38940 /* Icon Creator */ = {
			isa = PBXGroup;
			children = (
				4984102460BBF438384E73BC /* AICapabilities */,
			);
			name = "Icon Creator";
			sourceTree = "<group>";
		};
		IC0000150000000000000001 = {
			isa = PBXGroup;
			children = (
				5D7F6114F9344E54AB437A36 /* BatchItem.swift */,
				107B80FCB91441869DACE085 /* IconSettings.swift */,
				00A0C9891CEB48C5812B7246 /* ImageProcessor.swift */,
				47CCC0EBD79D4911AF6612E4 /* BatchQueueView.swift */,
				530324F4956A43B7820360B3 /* ContextPreviewView.swift */,
				282D4BA202DE4D1D804F95B7 /* ImageEffectsPanel.swift */,
				1BE8A1449440439EAF435A42 /* PresetLibraryView.swift */,
				17E201EB4BC84BBBA2035027 /* IconPreset.swift */,
				53509EC0A1794AAA9C801A0D /* BatchProcessingManager.swift */,
				0C1174F6707545D0B04E1B91 /* PresetManager.swift */,
				IC0000020000000000000001 /* IconCreatorApp.swift */,
				IC0000040000000000000001 /* ContentView.swift */,
				IC0000060000000000000001 /* IconGenerator.swift */,
				IC0000080000000000000001 /* Assets.xcassets */,
				IC0000120000000000000001 /* Info.plist */,
				IC0000130000000000000001 /* Icon_Creator.entitlements */,
				IC0000160000000000000001 /* Products */,
				3A3A302B925E3E22B8975891 /* XcodeProjectManager.swift */,
				60ADD9B2A1CC8C0907D38940 /* Icon Creator */,
			);
			sourceTree = "<group>";
		};
		IC0000160000000000000001 /* Products */ = {
			isa = PBXGroup;
			children = (
				IC0000110000000000000001 /* Icon Creator.app */,
			);
			name = Products;
			sourceTree = "<group>";
		};
/* End PBXGroup section */

/* Begin PBXNativeTarget section */
		IC0000170000000000000001 /* Icon Creator */ = {
			isa = PBXNativeTarget;
			buildConfigurationList = IC0000180000000000000001 /* Build configuration list for PBXNativeTarget "Icon Creator" */;
			buildPhases = (
				IC0000190000000000000001 /* Sources */,
				IC0000140000000000000001 /* Frameworks */,
				IC0000200000000000000001 /* Resources */,
			);
			buildRules = (
			);
			dependencies = (
			);
			name = "Icon Creator";
			productName = "Icon Creator";
			productReference = IC0000110000000000000001 /* Icon Creator.app */;
			productType = "com.apple.product-type.application";
		};
/* End PBXNativeTarget section */

/* Begin PBXProject section */
		IC0000210000000000000001 /* Project object */ = {
			isa = PBXProject;
			attributes = {
				BuildIndependentTargetsInParallel = 1;
				LastSwiftUpdateCheck = 1500;
				LastUpgradeCheck = 2600;
			};
			buildConfigurationList = IC0000220000000000000001 /* Build configuration list for PBXProject "Icon Creator" */;
			compatibilityVersion = "Xcode 14.0";
			developmentRegion = en;
			hasScannedForEncodings = 0;
			knownRegions = (
				en,
				Base,
			);
			mainGroup = IC0000150000000000000001;
			productRefGroup = IC0000160000000000000001 /* Products */;
			projectDirPath = "";
			projectRoot = "";
			targets = (
				IC0000170000000000000001 /* Icon Creator */,
			);
		};
/* End PBXProject section */

/* Begin PBXResourcesBuildPhase section */
		IC0000200000000000000001 /* Resources */ = {
			isa = PBXResourcesBuildPhase;
			buildActionMask = 2147483647;
			files = (
				IC0000070000000000000001 /* Assets.xcassets in Resources */,
			);
			runOnlyForDeploymentPostprocessing = 0;
		};
/* End PBXResourcesBuildPhase section */

/* Begin PBXSourcesBuildPhase section */
		IC0000190000000000000001 /* Sources */ = {
			isa = PBXSourcesBuildPhase;
			buildActionMask = 2147483647;
			files = (
				B384AEC64EDA321487698F5A /* ProjectLocationsView.swift in Sources */,
				F92DB3944D1698FA73B317F2 /* ProjectLocationManager.swift in Sources */,
				4E7D04D35A10089EE07144BA /* ProjectLocation.swift in Sources */,
				6A3D6D5DCE834004A60DEB71 /* BatchItem.swift in Sources */,
				5A79B8EA60E04F5584A7E558 /* IconSettings.swift in Sources */,
				04BCBA2F03074F2593485553 /* ImageProcessor.swift in Sources */,
				045EB692EDFD4BA59009AE6E /* BatchQueueView.swift in Sources */,
				3BB252A5B61A447F964A5234 /* ContextPreviewView.swift in Sources */,
				F95DFA9EF90B40F496B99D0B /* ImageEffectsPanel.swift in Sources */,
				F6CC418FF06B4607A27C3D0F /* PresetLibraryView.swift in Sources */,
				69BEE07DB5EF4109A0FB1166 /* IconPreset.swift in Sources */,
				805024CE227B4FB68B303270 /* BatchProcessingManager.swift in Sources */,
				37B2D2E86555447D888CC65F /* PresetManager.swift in Sources */,
				IC0000010000000000000001 /* IconCreatorApp.swift in Sources */,
				IC0000030000000000000001 /* ContentView.swift in Sources */,
				IC0000050000000000000001 /* IconGenerator.swift in Sources */,
				96AD0F8F5D76201AC709FFF0 /* XcodeProjectManager.swift in Sources */,
				8785EDA89DA441E3B6F09897 /* ModernDesign.swift in Sources */,
				4C00916DE0234B2790332129 /* AIBackendManager.swift in Sources */,
				AE4D30AACFCF4ACE8AF68E8C /* KeywordIconGenerator.swift in Sources */,
				DCE9DB088BD7455D9E351AD9 /* KeywordIconGeneratorView.swift in Sources */,
				06BC87E3ED16425591380E74 /* XcodeProjectPickerView.swift in Sources */,
				AD8B200EF4343327F24DF7D0 /* UnifiedAICapabilities.swift in Sources */,
				F8B37F532A60B32177862027 /* ImageGenerationUnified.swift in Sources */,
				04EE48300C6F62560BE9A4CF /* VoiceUnified.swift in Sources */,
				F69AA4E6AC2BEADD624B01DE /* AnalysisUnified.swift in Sources */,
				25C0339682BEAF3347E37033 /* SecurityUnified.swift in Sources */,
			);
			runOnlyForDeploymentPostprocessing = 0;
		};
/* End PBXSourcesBuildPhase section */

/* Begin XCBuildConfiguration section */
		IC0000230000000000000001 /* Debug */ = {
			isa = XCBuildConfiguration;
			buildSettings = {
				ALWAYS_SEARCH_USER_PATHS = NO;
				ASSETCATALOG_COMPILER_GENERATE_SWIFT_ASSET_SYMBOL_EXTENSIONS = YES;
				CLANG_ANALYZER_NONNULL = YES;
				CLANG_ANALYZER_NUMBER_OBJECT_CONVERSION = YES_AGGRESSIVE;
				CLANG_CXX_LANGUAGE_STANDARD = "gnu++20";
				CLANG_ENABLE_MODULES = YES;
				CLANG_ENABLE_OBJC_ARC = YES;
				CLANG_ENABLE_OBJC_WEAK = YES;
				CLANG_WARN_BLOCK_CAPTURE_AUTORELEASING = YES;
				CLANG_WARN_BOOL_CONVERSION = YES;
				CLANG_WARN_COMMA = YES;
				CLANG_WARN_CONSTANT_CONVERSION = YES;
				CLANG_WARN_DEPRECATED_OBJC_IMPLEMENTATIONS = YES;
				CLANG_WARN_DIRECT_OBJC_ISA_USAGE = YES_ERROR;
				CLANG_WARN_DOCUMENTATION_COMMENTS = YES;
				CLANG_WARN_EMPTY_BODY = YES;
				CLANG_WARN_ENUM_CONVERSION = YES;
				CLANG_WARN_INFINITE_RECURSION = YES;
				CLANG_WARN_INT_CONVERSION = YES;
				CLANG_WARN_NON_LITERAL_NULL_CONVERSION = YES;
				CLANG_WARN_OBJC_IMPLICIT_RETAIN_SELF = YES;
				CLANG_WARN_OBJC_LITERAL_CONVERSION = YES;
				CLANG_WARN_OBJC_ROOT_CLASS = YES_ERROR;
				CLANG_WARN_QUOTED_INCLUDE_IN_FRAMEWORK_HEADER = YES;
				CLANG_WARN_RANGE_LOOP_ANALYSIS = YES;
				CLANG_WARN_STRICT_PROTOTYPES = YES;
				CLANG_WARN_SUSPICIOUS_MOVE = YES;
				CLANG_WARN_UNGUARDED_AVAILABILITY = YES_AGGRESSIVE;
				CLANG_WARN_UNREACHABLE_CODE = YES;
				CLANG_WARN__DUPLICATE_METHOD_MATCH = YES;
				COPY_PHASE_STRIP = NO;
				DEAD_CODE_STRIPPING = YES;
				DEBUG_INFORMATION_FORMAT = dwarf;
				ENABLE_STRICT_OBJC_MSGSEND = YES;
				ENABLE_TESTABILITY = YES;
				ENABLE_USER_SCRIPT_SANDBOXING = YES;
				GCC_C_LANGUAGE_STANDARD = gnu17;
				GCC_DYNAMIC_NO_PIC = NO;
				GCC_NO_COMMON_BLOCKS = YES;
				GCC_OPTIMIZATION_LEVEL = 0;
				GCC_PREPROCESSOR_DEFINITIONS = (
					"DEBUG=1",
					"$(inherited)",
				);
				GCC_WARN_64_TO_32_BIT_CONVERSION = YES;
				GCC_WARN_ABOUT_RETURN_TYPE = YES_ERROR;
				GCC_WARN_UNDECLARED_SELECTOR = YES;
				GCC_WARN_UNINITIALIZED_AUTOS = YES_AGGRESSIVE;
				GCC_WARN_UNUSED_FUNCTION = YES;
				GCC_WARN_UNUSED_VARIABLE = YES;
				LOCALIZATION_PREFERS_STRING_CATALOGS = YES;
				MACOSX_DEPLOYMENT_TARGET = 12.0;
				MTL_ENABLE_DEBUG_INFO = INCLUDE_SOURCE;
				MTL_FAST_MATH = YES;
				ONLY_ACTIVE_ARCH = YES;
				SDKROOT = macosx;
				STRING_CATALOG_GENERATE_SYMBOLS = YES;
				SWIFT_ACTIVE_COMPILATION_CONDITIONS = "DEBUG $(inherited)";
				SWIFT_OPTIMIZATION_LEVEL = "-Onone";
			};
			name = Debug;
		};
		IC0000240000000000000001 /* Release */ = {
			isa = XCBuildConfiguration;
			buildSettings = {
				ALWAYS_SEARCH_USER_PATHS = NO;
				ASSETCATALOG_COMPILER_GENERATE_SWIFT_ASSET_SYMBOL_EXTENSIONS = YES;
				CLANG_ANALYZER_NONNULL = YES;
				CLANG_ANALYZER_NUMBER_OBJECT_CONVERSION = YES_AGGRESSIVE;
				CLANG_CXX_LANGUAGE_STANDARD = "gnu++20";
				CLANG_ENABLE_MODULES = YES;
				CLANG_ENABLE_OBJC_ARC = YES;
				CLANG_ENABLE_OBJC_WEAK = YES;
				CLANG_WARN_BLOCK_CAPTURE_AUTORELEASING = YES;
				CLANG_WARN_BOOL_CONVERSION = YES;
				CLANG_WARN_COMMA = YES;
				CLANG_WARN_CONSTANT_CONVERSION = YES;
				CLANG_WARN_DEPRECATED_OBJC_IMPLEMENTATIONS = YES;
				CLANG_WARN_DIRECT_OBJC_ISA_USAGE = YES_ERROR;
				CLANG_WARN_DOCUMENTATION_COMMENTS = YES;
				CLANG_WARN_EMPTY_BODY = YES;
				CLANG_WARN_ENUM_CONVERSION = YES;
				CLANG_WARN_INFINITE_RECURSION = YES;
				CLANG_WARN_INT_CONVERSION = YES;
				CLANG_WARN_NON_LITERAL_NULL_CONVERSION = YES;
				CLANG_WARN_OBJC_IMPLICIT_RETAIN_SELF = YES;
				CLANG_WARN_OBJC_LITERAL_CONVERSION = YES;
				CLANG_WARN_OBJC_ROOT_CLASS = YES_ERROR;
				CLANG_WARN_QUOTED_INCLUDE_IN_FRAMEWORK_HEADER = YES;
				CLANG_WARN_RANGE_LOOP_ANALYSIS = YES;
				CLANG_WARN_STRICT_PROTOTYPES = YES;
				CLANG_WARN_SUSPICIOUS_MOVE = YES;
				CLANG_WARN_UNGUARDED_AVAILABILITY = YES_AGGRESSIVE;
				CLANG_WARN_UNREACHABLE_CODE = YES;
				CLANG_WARN__DUPLICATE_METHOD_MATCH = YES;
				COPY_PHASE_STRIP = NO;
				DEAD_CODE_STRIPPING = YES;
				DEBUG_INFORMATION_FORMAT = "dwarf-with-dsym";
				ENABLE_NS_ASSERTIONS = NO;
				ENABLE_STRICT_OBJC_MSGSEND = YES;
				ENABLE_USER_SCRIPT_SANDBOXING = YES;
				GCC_C_LANGUAGE_STANDARD = gnu17;
				GCC_NO_COMMON_BLOCKS = YES;
				GCC_WARN_64_TO_32_BIT_CONVERSION = YES;
				GCC_WARN_ABOUT_RETURN_TYPE = YES_ERROR;
				GCC_WARN_UNDECLARED_SELECTOR = YES;
				GCC_WARN_UNINITIALIZED_AUTOS = YES_AGGRESSIVE;
				GCC_WARN_UNUSED_FUNCTION = YES;
				GCC_WARN_UNUSED_VARIABLE = YES;
				LOCALIZATION_PREFERS_STRING_CATALOGS = YES;
				MACOSX_DEPLOYMENT_TARGET = 12.0;
				MTL_ENABLE_DEBUG_INFO = NO;
				MTL_FAST_MATH = YES;
				SDKROOT = macosx;
				STRING_CATALOG_GENERATE_SYMBOLS = YES;
				SWIFT_COMPILATION_MODE = wholemodule;
			};
			name = Release;
		};
		IC0000250000000000000001 /* Debug */ = {
			isa = XCBuildConfiguration;
			buildSettings = {
				ASSETCATALOG_COMPILER_APPICON_NAME = AppIcon;
				CODE_SIGN_ENTITLEMENTS = Icon_Creator.entitlements;
				CODE_SIGN_STYLE = Automatic;
				COMBINE_HIDPI_IMAGES = YES;
				CURRENT_PROJECT_VERSION = 2;
				DEVELOPMENT_TEAM = QRRCB8HB3W;
				ENABLE_APP_SANDBOX = YES;
				ENABLE_HARDENED_RUNTIME = YES;
				ENABLE_PREVIEWS = YES;
				ENABLE_USER_SELECTED_FILES = readwrite;
				GENERATE_INFOPLIST_FILE = NO;
				INFOPLIST_FILE = Info.plist;
				INFOPLIST_KEY_CFBundleDisplayName = "Icon Creator";
				INFOPLIST_KEY_LSApplicationCategoryType = "public.app-category.developer-tools";
				INFOPLIST_KEY_NSHumanReadableCopyright = "";
				LD_RUNPATH_SEARCH_PATHS = (
					"$(inherited)",
					"@executable_path/../Frameworks",
				);
				MACOSX_DEPLOYMENT_TARGET = 12.0;
				MARKETING_VERSION = 1.0;
				PRODUCT_BUNDLE_IDENTIFIER = com.kochj.IconCreator;
				PRODUCT_NAME = "$(TARGET_NAME)";
				SDKROOT = macosx;
				SUPPORTED_PLATFORMS = macosx;
				SWIFT_EMIT_LOC_STRINGS = YES;
				SWIFT_VERSION = 5.0;
			};
			name = Debug;
		};
		IC0000260000000000000001 /* Release */ = {
			isa = XCBuildConfiguration;
			buildSettings = {
				ASSETCATALOG_COMPILER_APPICON_NAME = AppIcon;
				CODE_SIGN_ENTITLEMENTS = Icon_Creator.entitlements;
				CODE_SIGN_STYLE = Automatic;
				COMBINE_HIDPI_IMAGES = YES;
				CURRENT_PROJECT_VERSION = 2;
				DEVELOPMENT_TEAM = QRRCB8HB3W;
				ENABLE_APP_SANDBOX = YES;
				ENABLE_HARDENED_RUNTIME = YES;
				ENABLE_PREVIEWS = YES;
				ENABLE_USER_SELECTED_FILES = readwrite;
				GENERATE_INFOPLIST_FILE = NO;
				INFOPLIST_FILE = Info.plist;
				INFOPLIST_KEY_CFBundleDisplayName = "Icon Creator";
				INFOPLIST_KEY_LSApplicationCategoryType = "public.app-category.developer-tools";
				INFOPLIST_KEY_NSHumanReadableCopyright = "";
				LD_RUNPATH_SEARCH_PATHS = (
					"$(inherited)",
					"@executable_path/../Frameworks",
				);
				MACOSX_DEPLOYMENT_TARGET = 12.0;
				MARKETING_VERSION = 1.0;
				PRODUCT_BUNDLE_IDENTIFIER = com.kochj.IconCreator;
				PRODUCT_NAME = "$(TARGET_NAME)";
				SDKROOT = macosx;
				SUPPORTED_PLATFORMS = macosx;
				SWIFT_EMIT_LOC_STRINGS = YES;
				SWIFT_VERSION = 5.0;
				VALIDATE_PRODUCT = YES;
			};
			name = Release;
		};
/* End XCBuildConfiguration section */

/* Begin XCConfigurationList section */
		IC0000180000000000000001 /* Build configuration list for PBXNativeTarget "Icon Creator" */ = {
			isa = XCConfigurationList;
			buildConfigurations = (
				IC0000250000000000000001 /* Debug */,
				IC0000260000000000000001 /* Release */,
			);
			defaultConfigurationIsVisible = 0;
			defaultConfigurationName = Release;
		};
		IC0000220000000000000001 /* Build configuration list for PBXProject "Icon Creator" */ = {
			isa = XCConfigurationList;
			buildConfigurations = (
				IC0000230000000000000001 /* Debug */,
				IC0000240000000000000001 /* Release */,
			);
			defaultConfigurationIsVisible = 0;
			defaultConfigurationName = Release;
		};
/* End XCConfigurationList section */
	};
	rootObject = IC0000210000000000000001 /* Project object */;
}
